// !$*UTF8*$!
{
	archiveVersion = 1;
	classes = {
	};
	objectVersion = 46;
	objects = {

/* Begin PBXBuildFile section */
		090BBDA4199A1C2800821E16 /* ENSignInViewController.m in Sources */ = {isa = PBXBuildFile; fileRef = 090BBDA3199A1C2800821E16 /* ENSignInViewController.m */; };
		090BBDA6199A1C5E00821E16 /* SignInStoryboard.storyboard in Resources */ = {isa = PBXBuildFile; fileRef = 090BBDA5199A1C5D00821E16 /* SignInStoryboard.storyboard */; };
		090BBDA9199A279700821E16 /* ENConstants.m in Sources */ = {isa = PBXBuildFile; fileRef = 090BBDA8199A279700821E16 /* ENConstants.m */; };
		090BBDAD199A2A5B00821E16 /* ENUnderlinedButton.m in Sources */ = {isa = PBXBuildFile; fileRef = 090BBDAC199A2A5B00821E16 /* ENUnderlinedButton.m */; };
		090BBDAF199A38D300821E16 /* Localizable.strings in Resources */ = {isa = PBXBuildFile; fileRef = 090BBDAE199A38D300821E16 /* Localizable.strings */; };
		4E1E0C5419895F1D00FBC299 /* UIViewController+RevealViewSetup.m in Sources */ = {isa = PBXBuildFile; fileRef = 4E1E0C5319895F1D00FBC299 /* UIViewController+RevealViewSetup.m */; };
		4E1E0C5B1989699D00FBC299 /* ENPoliticalPartiesTableViewController.m in Sources */ = {isa = PBXBuildFile; fileRef = 4E1E0C5A1989699D00FBC299 /* ENPoliticalPartiesTableViewController.m */; };
		4E1E0C5D19896C9B00FBC299 /* PartiesList.plist in Resources */ = {isa = PBXBuildFile; fileRef = 4E1E0C5C19896C9B00FBC299 /* PartiesList.plist */; };
		4E410886199E6C0500AF084E /* RegisterAsCandidateStoryboard.storyboard in Resources */ = {isa = PBXBuildFile; fileRef = 4E410885199E6C0500AF084E /* RegisterAsCandidateStoryboard.storyboard */; };
		4E410889199E6C3900AF084E /* ENRegisterAsCandidateViewController.m in Sources */ = {isa = PBXBuildFile; fileRef = 4E410888199E6C3900AF084E /* ENRegisterAsCandidateViewController.m */; };
		4E41088B199E7BEF00AF084E /* MapKit.framework in Frameworks */ = {isa = PBXBuildFile; fileRef = 4E41088A199E7BEF00AF084E /* MapKit.framework */; };
		4E41088E199E7CFE00AF084E /* ENRegisterOnlineViewController.m in Sources */ = {isa = PBXBuildFile; fileRef = 4E41088D199E7CFE00AF084E /* ENRegisterOnlineViewController.m */; };
		4E4EB0AE199E351600B89760 /* ENFacebook.m in Sources */ = {isa = PBXBuildFile; fileRef = 4E4EB0AA199E351600B89760 /* ENFacebook.m */; };
		4E4EB0AF199E351600B89760 /* ENGooglePlus.m in Sources */ = {isa = PBXBuildFile; fileRef = 4E4EB0AD199E351600B89760 /* ENGooglePlus.m */; };
		4E4EB0B2199E3FED00B89760 /* ENRegistrationViewController.m in Sources */ = {isa = PBXBuildFile; fileRef = 4E4EB0B0199E3FED00B89760 /* ENRegistrationViewController.m */; };
		4E4EB0B4199E548400B89760 /* RegisterToVoteStoryboard.storyboard in Resources */ = {isa = PBXBuildFile; fileRef = 4E4EB0B3199E548400B89760 /* RegisterToVoteStoryboard.storyboard */; };
		4E4EB0B7199E551300B89760 /* ENRegisterToVoteViewController.m in Sources */ = {isa = PBXBuildFile; fileRef = 4E4EB0B6199E551300B89760 /* ENRegisterToVoteViewController.m */; };
		4E75A5371989528000FA964A /* ENRevealViewController.m in Sources */ = {isa = PBXBuildFile; fileRef = 4E75A5361989528000FA964A /* ENRevealViewController.m */; };
		4E75A53A1989532B00FA964A /* ENSideBarViewController.m in Sources */ = {isa = PBXBuildFile; fileRef = 4E75A5391989532B00FA964A /* ENSideBarViewController.m */; };
		4EA9E66D198749570050B0A4 /* Foundation.framework in Frameworks */ = {isa = PBXBuildFile; fileRef = 4EA9E66C198749570050B0A4 /* Foundation.framework */; };
		4EA9E66F198749570050B0A4 /* CoreGraphics.framework in Frameworks */ = {isa = PBXBuildFile; fileRef = 4EA9E66E198749570050B0A4 /* CoreGraphics.framework */; };
		4EA9E671198749570050B0A4 /* UIKit.framework in Frameworks */ = {isa = PBXBuildFile; fileRef = 4EA9E670198749570050B0A4 /* UIKit.framework */; };
		4EA9E677198749570050B0A4 /* InfoPlist.strings in Resources */ = {isa = PBXBuildFile; fileRef = 4EA9E675198749570050B0A4 /* InfoPlist.strings */; };
		4EA9E679198749570050B0A4 /* main.m in Sources */ = {isa = PBXBuildFile; fileRef = 4EA9E678198749570050B0A4 /* main.m */; };
		4EA9E67D198749570050B0A4 /* ENAppDelegate.m in Sources */ = {isa = PBXBuildFile; fileRef = 4EA9E67C198749570050B0A4 /* ENAppDelegate.m */; };
		4EA9E680198749570050B0A4 /* Main_iPhone.storyboard in Resources */ = {isa = PBXBuildFile; fileRef = 4EA9E67E198749570050B0A4 /* Main_iPhone.storyboard */; };
		4EA9E683198749570050B0A4 /* Main_iPad.storyboard in Resources */ = {isa = PBXBuildFile; fileRef = 4EA9E681198749570050B0A4 /* Main_iPad.storyboard */; };
		4EA9E686198749570050B0A4 /* ENBaseViewController.m in Sources */ = {isa = PBXBuildFile; fileRef = 4EA9E685198749570050B0A4 /* ENBaseViewController.m */; };
		4EA9E688198749570050B0A4 /* Images.xcassets in Resources */ = {isa = PBXBuildFile; fileRef = 4EA9E687198749570050B0A4 /* Images.xcassets */; };
		4EA9E68F198749570050B0A4 /* XCTest.framework in Frameworks */ = {isa = PBXBuildFile; fileRef = 4EA9E68E198749570050B0A4 /* XCTest.framework */; };
		4EA9E690198749570050B0A4 /* Foundation.framework in Frameworks */ = {isa = PBXBuildFile; fileRef = 4EA9E66C198749570050B0A4 /* Foundation.framework */; };
		4EA9E691198749570050B0A4 /* UIKit.framework in Frameworks */ = {isa = PBXBuildFile; fileRef = 4EA9E670198749570050B0A4 /* UIKit.framework */; };
		4EA9E699198749570050B0A4 /* InfoPlist.strings in Resources */ = {isa = PBXBuildFile; fileRef = 4EA9E697198749570050B0A4 /* InfoPlist.strings */; };
		4EA9E69B198749570050B0A4 /* ElectionNigeriaTests.m in Sources */ = {isa = PBXBuildFile; fileRef = 4EA9E69A198749570050B0A4 /* ElectionNigeriaTests.m */; };
		E1170773D75B44B2990EC664 /* libPods.a in Frameworks */ = {isa = PBXBuildFile; fileRef = ECC001CD2992447AB6AD3EB0 /* libPods.a */; };
/* End PBXBuildFile section */

/* Begin PBXContainerItemProxy section */
		4EA9E692198749570050B0A4 /* PBXContainerItemProxy */ = {
			isa = PBXContainerItemProxy;
			containerPortal = 4EA9E661198749570050B0A4 /* Project object */;
			proxyType = 1;
			remoteGlobalIDString = 4EA9E668198749570050B0A4;
			remoteInfo = ElectionNigeria;
		};
/* End PBXContainerItemProxy section */

/* Begin PBXFileReference section */
		090BBDA2199A1C2800821E16 /* ENSignInViewController.h */ = {isa = PBXFileReference; fileEncoding = 4; lastKnownFileType = sourcecode.c.h; path = ENSignInViewController.h; sourceTree = "<group>"; };
		090BBDA3199A1C2800821E16 /* ENSignInViewController.m */ = {isa = PBXFileReference; fileEncoding = 4; lastKnownFileType = sourcecode.c.objc; path = ENSignInViewController.m; sourceTree = "<group>"; };
		090BBDA5199A1C5D00821E16 /* SignInStoryboard.storyboard */ = {isa = PBXFileReference; fileEncoding = 4; lastKnownFileType = file.storyboard; path = SignInStoryboard.storyboard; sourceTree = "<group>"; };
		090BBDA7199A279700821E16 /* ENConstants.h */ = {isa = PBXFileReference; fileEncoding = 4; lastKnownFileType = sourcecode.c.h; path = ENConstants.h; sourceTree = "<group>"; };
		090BBDA8199A279700821E16 /* ENConstants.m */ = {isa = PBXFileReference; fileEncoding = 4; lastKnownFileType = sourcecode.c.objc; path = ENConstants.m; sourceTree = "<group>"; };
		090BBDAB199A2A5B00821E16 /* ENUnderlinedButton.h */ = {isa = PBXFileReference; fileEncoding = 4; lastKnownFileType = sourcecode.c.h; path = ENUnderlinedButton.h; sourceTree = "<group>"; };
		090BBDAC199A2A5B00821E16 /* ENUnderlinedButton.m */ = {isa = PBXFileReference; fileEncoding = 4; lastKnownFileType = sourcecode.c.objc; path = ENUnderlinedButton.m; sourceTree = "<group>"; };
		090BBDAE199A38D300821E16 /* Localizable.strings */ = {isa = PBXFileReference; fileEncoding = 4; lastKnownFileType = text.plist.strings; path = Localizable.strings; sourceTree = "<group>"; };
		4E1E0C5219895F1D00FBC299 /* UIViewController+RevealViewSetup.h */ = {isa = PBXFileReference; fileEncoding = 4; lastKnownFileType = sourcecode.c.h; path = "UIViewController+RevealViewSetup.h"; sourceTree = "<group>"; };
		4E1E0C5319895F1D00FBC299 /* UIViewController+RevealViewSetup.m */ = {isa = PBXFileReference; fileEncoding = 4; lastKnownFileType = sourcecode.c.objc; path = "UIViewController+RevealViewSetup.m"; sourceTree = "<group>"; };
		4E1E0C591989699D00FBC299 /* ENPoliticalPartiesTableViewController.h */ = {isa = PBXFileReference; fileEncoding = 4; lastKnownFileType = sourcecode.c.h; path = ENPoliticalPartiesTableViewController.h; sourceTree = "<group>"; };
		4E1E0C5A1989699D00FBC299 /* ENPoliticalPartiesTableViewController.m */ = {isa = PBXFileReference; fileEncoding = 4; lastKnownFileType = sourcecode.c.objc; path = ENPoliticalPartiesTableViewController.m; sourceTree = "<group>"; };
		4E1E0C5C19896C9B00FBC299 /* PartiesList.plist */ = {isa = PBXFileReference; fileEncoding = 4; lastKnownFileType = text.plist.xml; path = PartiesList.plist; sourceTree = "<group>"; };
		4E410885199E6C0500AF084E /* RegisterAsCandidateStoryboard.storyboard */ = {isa = PBXFileReference; fileEncoding = 4; lastKnownFileType = file.storyboard; path = RegisterAsCandidateStoryboard.storyboard; sourceTree = "<group>"; };
		4E410887199E6C3900AF084E /* ENRegisterAsCandidateViewController.h */ = {isa = PBXFileReference; fileEncoding = 4; lastKnownFileType = sourcecode.c.h; path = ENRegisterAsCandidateViewController.h; sourceTree = "<group>"; };
		4E410888199E6C3900AF084E /* ENRegisterAsCandidateViewController.m */ = {isa = PBXFileReference; fileEncoding = 4; lastKnownFileType = sourcecode.c.objc; path = ENRegisterAsCandidateViewController.m; sourceTree = "<group>"; };
		4E41088A199E7BEF00AF084E /* MapKit.framework */ = {isa = PBXFileReference; lastKnownFileType = wrapper.framework; name = MapKit.framework; path = System/Library/Frameworks/MapKit.framework; sourceTree = SDKROOT; };
		4E41088C199E7CFE00AF084E /* ENRegisterOnlineViewController.h */ = {isa = PBXFileReference; fileEncoding = 4; lastKnownFileType = sourcecode.c.h; path = ENRegisterOnlineViewController.h; sourceTree = "<group>"; };
		4E41088D199E7CFE00AF084E /* ENRegisterOnlineViewController.m */ = {isa = PBXFileReference; fileEncoding = 4; lastKnownFileType = sourcecode.c.objc; path = ENRegisterOnlineViewController.m; sourceTree = "<group>"; };
		4E4EB0A9199E351600B89760 /* ENFacebook.h */ = {isa = PBXFileReference; fileEncoding = 4; lastKnownFileType = sourcecode.c.h; path = ENFacebook.h; sourceTree = "<group>"; };
		4E4EB0AA199E351600B89760 /* ENFacebook.m */ = {isa = PBXFileReference; fileEncoding = 4; lastKnownFileType = sourcecode.c.objc; path = ENFacebook.m; sourceTree = "<group>"; };
		4E4EB0AC199E351600B89760 /* ENGooglePlus.h */ = {isa = PBXFileReference; fileEncoding = 4; lastKnownFileType = sourcecode.c.h; path = ENGooglePlus.h; sourceTree = "<group>"; };
		4E4EB0AD199E351600B89760 /* ENGooglePlus.m */ = {isa = PBXFileReference; fileEncoding = 4; lastKnownFileType = sourcecode.c.objc; path = ENGooglePlus.m; sourceTree = "<group>"; };
		4E4EB0B0199E3FED00B89760 /* ENRegistrationViewController.m */ = {isa = PBXFileReference; fileEncoding = 4; lastKnownFileType = sourcecode.c.objc; path = ENRegistrationViewController.m; sourceTree = "<group>"; };
		4E4EB0B1199E3FED00B89760 /* ENRegistrationViewController.h */ = {isa = PBXFileReference; fileEncoding = 4; lastKnownFileType = sourcecode.c.h; path = ENRegistrationViewController.h; sourceTree = "<group>"; };
		4E4EB0B3199E548400B89760 /* RegisterToVoteStoryboard.storyboard */ = {isa = PBXFileReference; fileEncoding = 4; lastKnownFileType = file.storyboard; path = RegisterToVoteStoryboard.storyboard; sourceTree = "<group>"; };
		4E4EB0B5199E551300B89760 /* ENRegisterToVoteViewController.h */ = {isa = PBXFileReference; fileEncoding = 4; lastKnownFileType = sourcecode.c.h; path = ENRegisterToVoteViewController.h; sourceTree = "<group>"; };
		4E4EB0B6199E551300B89760 /* ENRegisterToVoteViewController.m */ = {isa = PBXFileReference; fileEncoding = 4; lastKnownFileType = sourcecode.c.objc; path = ENRegisterToVoteViewController.m; sourceTree = "<group>"; };
		4E75A5351989528000FA964A /* ENRevealViewController.h */ = {isa = PBXFileReference; fileEncoding = 4; lastKnownFileType = sourcecode.c.h; path = ENRevealViewController.h; sourceTree = "<group>"; };
		4E75A5361989528000FA964A /* ENRevealViewController.m */ = {isa = PBXFileReference; fileEncoding = 4; lastKnownFileType = sourcecode.c.objc; path = ENRevealViewController.m; sourceTree = "<group>"; };
		4E75A5381989532B00FA964A /* ENSideBarViewController.h */ = {isa = PBXFileReference; fileEncoding = 4; lastKnownFileType = sourcecode.c.h; path = ENSideBarViewController.h; sourceTree = "<group>"; };
		4E75A5391989532B00FA964A /* ENSideBarViewController.m */ = {isa = PBXFileReference; fileEncoding = 4; lastKnownFileType = sourcecode.c.objc; path = ENSideBarViewController.m; sourceTree = "<group>"; };
		4EA9E669198749570050B0A4 /* ElectionNigeria.app */ = {isa = PBXFileReference; explicitFileType = wrapper.application; includeInIndex = 0; path = ElectionNigeria.app; sourceTree = BUILT_PRODUCTS_DIR; };
		4EA9E66C198749570050B0A4 /* Foundation.framework */ = {isa = PBXFileReference; lastKnownFileType = wrapper.framework; name = Foundation.framework; path = System/Library/Frameworks/Foundation.framework; sourceTree = SDKROOT; };
		4EA9E66E198749570050B0A4 /* CoreGraphics.framework */ = {isa = PBXFileReference; lastKnownFileType = wrapper.framework; name = CoreGraphics.framework; path = System/Library/Frameworks/CoreGraphics.framework; sourceTree = SDKROOT; };
		4EA9E670198749570050B0A4 /* UIKit.framework */ = {isa = PBXFileReference; lastKnownFileType = wrapper.framework; name = UIKit.framework; path = System/Library/Frameworks/UIKit.framework; sourceTree = SDKROOT; };
		4EA9E674198749570050B0A4 /* ElectionNigeria-Info.plist */ = {isa = PBXFileReference; lastKnownFileType = text.plist.xml; path = "ElectionNigeria-Info.plist"; sourceTree = "<group>"; };
		4EA9E676198749570050B0A4 /* en */ = {isa = PBXFileReference; lastKnownFileType = text.plist.strings; name = en; path = en.lproj/InfoPlist.strings; sourceTree = "<group>"; };
		4EA9E678198749570050B0A4 /* main.m */ = {isa = PBXFileReference; lastKnownFileType = sourcecode.c.objc; path = main.m; sourceTree = "<group>"; };
		4EA9E67A198749570050B0A4 /* ElectionNigeria-Prefix.pch */ = {isa = PBXFileReference; lastKnownFileType = sourcecode.c.h; path = "ElectionNigeria-Prefix.pch"; sourceTree = "<group>"; };
		4EA9E67B198749570050B0A4 /* ENAppDelegate.h */ = {isa = PBXFileReference; lastKnownFileType = sourcecode.c.h; path = ENAppDelegate.h; sourceTree = "<group>"; };
		4EA9E67C198749570050B0A4 /* ENAppDelegate.m */ = {isa = PBXFileReference; lastKnownFileType = sourcecode.c.objc; path = ENAppDelegate.m; sourceTree = "<group>"; };
		4EA9E67F198749570050B0A4 /* Base */ = {isa = PBXFileReference; lastKnownFileType = file.storyboard; name = Base; path = Base.lproj/Main_iPhone.storyboard; sourceTree = "<group>"; };
		4EA9E682198749570050B0A4 /* Base */ = {isa = PBXFileReference; lastKnownFileType = file.storyboard; name = Base; path = Base.lproj/Main_iPad.storyboard; sourceTree = "<group>"; };
		4EA9E684198749570050B0A4 /* ENBaseViewController.h */ = {isa = PBXFileReference; lastKnownFileType = sourcecode.c.h; path = ENBaseViewController.h; sourceTree = "<group>"; };
		4EA9E685198749570050B0A4 /* ENBaseViewController.m */ = {isa = PBXFileReference; lastKnownFileType = sourcecode.c.objc; path = ENBaseViewController.m; sourceTree = "<group>"; };
		4EA9E687198749570050B0A4 /* Images.xcassets */ = {isa = PBXFileReference; lastKnownFileType = folder.assetcatalog; path = Images.xcassets; sourceTree = "<group>"; };
		4EA9E68D198749570050B0A4 /* ElectionNigeriaTests.xctest */ = {isa = PBXFileReference; explicitFileType = wrapper.cfbundle; includeInIndex = 0; path = ElectionNigeriaTests.xctest; sourceTree = BUILT_PRODUCTS_DIR; };
		4EA9E68E198749570050B0A4 /* XCTest.framework */ = {isa = PBXFileReference; lastKnownFileType = wrapper.framework; name = XCTest.framework; path = Library/Frameworks/XCTest.framework; sourceTree = DEVELOPER_DIR; };
		4EA9E696198749570050B0A4 /* ElectionNigeriaTests-Info.plist */ = {isa = PBXFileReference; lastKnownFileType = text.plist.xml; path = "ElectionNigeriaTests-Info.plist"; sourceTree = "<group>"; };
		4EA9E698198749570050B0A4 /* en */ = {isa = PBXFileReference; lastKnownFileType = text.plist.strings; name = en; path = en.lproj/InfoPlist.strings; sourceTree = "<group>"; };
		4EA9E69A198749570050B0A4 /* ElectionNigeriaTests.m */ = {isa = PBXFileReference; lastKnownFileType = sourcecode.c.objc; path = ElectionNigeriaTests.m; sourceTree = "<group>"; };
		57ACC09A62C345289E5118C7 /* Pods.xcconfig */ = {isa = PBXFileReference; includeInIndex = 1; lastKnownFileType = text.xcconfig; name = Pods.xcconfig; path = Pods/Pods.xcconfig; sourceTree = "<group>"; };
		ECC001CD2992447AB6AD3EB0 /* libPods.a */ = {isa = PBXFileReference; explicitFileType = archive.ar; includeInIndex = 0; path = libPods.a; sourceTree = BUILT_PRODUCTS_DIR; };
/* End PBXFileReference section */

/* Begin PBXFrameworksBuildPhase section */
		4EA9E666198749570050B0A4 /* Frameworks */ = {
			isa = PBXFrameworksBuildPhase;
			buildActionMask = 2147483647;
			files = (
				4E41088B199E7BEF00AF084E /* MapKit.framework in Frameworks */,
				4EA9E66F198749570050B0A4 /* CoreGraphics.framework in Frameworks */,
				4EA9E671198749570050B0A4 /* UIKit.framework in Frameworks */,
				4EA9E66D198749570050B0A4 /* Foundation.framework in Frameworks */,
				E1170773D75B44B2990EC664 /* libPods.a in Frameworks */,
			);
			runOnlyForDeploymentPostprocessing = 0;
		};
		4EA9E68A198749570050B0A4 /* Frameworks */ = {
			isa = PBXFrameworksBuildPhase;
			buildActionMask = 2147483647;
			files = (
				4EA9E68F198749570050B0A4 /* XCTest.framework in Frameworks */,
				4EA9E691198749570050B0A4 /* UIKit.framework in Frameworks */,
				4EA9E690198749570050B0A4 /* Foundation.framework in Frameworks */,
			);
			runOnlyForDeploymentPostprocessing = 0;
		};
/* End PBXFrameworksBuildPhase section */

/* Begin PBXGroup section */
		090BBDAA199A2A5B00821E16 /* UIViews */ = {
			isa = PBXGroup;
			children = (
				090BBDAB199A2A5B00821E16 /* ENUnderlinedButton.h */,
				090BBDAC199A2A5B00821E16 /* ENUnderlinedButton.m */,
			);
			path = UIViews;
			sourceTree = "<group>";
		};
		090BBDB0199A505900821E16 /* SocialNetworking */ = {
			isa = PBXGroup;
			children = (
				4E4EB0A8199E351600B89760 /* Facebook */,
				4E4EB0AB199E351600B89760 /* GooglePlus */,
			);
			path = SocialNetworking;
			sourceTree = "<group>";
		};
		4E4EB0A8199E351600B89760 /* Facebook */ = {
			isa = PBXGroup;
			children = (
				4E4EB0A9199E351600B89760 /* ENFacebook.h */,
				4E4EB0AA199E351600B89760 /* ENFacebook.m */,
			);
			path = Facebook;
			sourceTree = "<group>";
		};
		4E4EB0AB199E351600B89760 /* GooglePlus */ = {
			isa = PBXGroup;
			children = (
				4E4EB0AC199E351600B89760 /* ENGooglePlus.h */,
				4E4EB0AD199E351600B89760 /* ENGooglePlus.m */,
			);
			path = GooglePlus;
			sourceTree = "<group>";
		};
		4EA9E660198749570050B0A4 = {
			isa = PBXGroup;
			children = (
				4EA9E672198749570050B0A4 /* ElectionNigeria */,
				4EA9E694198749570050B0A4 /* ElectionNigeriaTests */,
				4EA9E66B198749570050B0A4 /* Frameworks */,
				57ACC09A62C345289E5118C7 /* Pods.xcconfig */,
				4EA9E66A198749570050B0A4 /* Products */,
			);
			sourceTree = "<group>";
		};
		4EA9E66A198749570050B0A4 /* Products */ = {
			isa = PBXGroup;
			children = (
				4EA9E669198749570050B0A4 /* ElectionNigeria.app */,
				4EA9E68D198749570050B0A4 /* ElectionNigeriaTests.xctest */,
			);
			name = Products;
			sourceTree = "<group>";
		};
		4EA9E66B198749570050B0A4 /* Frameworks */ = {
			isa = PBXGroup;
			children = (
				4E41088A199E7BEF00AF084E /* MapKit.framework */,
				4EA9E66C198749570050B0A4 /* Foundation.framework */,
				4EA9E66E198749570050B0A4 /* CoreGraphics.framework */,
				4EA9E670198749570050B0A4 /* UIKit.framework */,
				4EA9E68E198749570050B0A4 /* XCTest.framework */,
				ECC001CD2992447AB6AD3EB0 /* libPods.a */,
			);
			name = Frameworks;
			sourceTree = "<group>";
		};
		4EA9E672198749570050B0A4 /* ElectionNigeria */ = {
			isa = PBXGroup;
			children = (
				090BBDB0199A505900821E16 /* SocialNetworking */,
				090BBDAA199A2A5B00821E16 /* UIViews */,
				4E75A5351989528000FA964A /* ENRevealViewController.h */,
				4E75A5361989528000FA964A /* ENRevealViewController.m */,
				4E75A5381989532B00FA964A /* ENSideBarViewController.h */,
				4E75A5391989532B00FA964A /* ENSideBarViewController.m */,
				4EA9E67B198749570050B0A4 /* ENAppDelegate.h */,
				4EA9E67C198749570050B0A4 /* ENAppDelegate.m */,
				4EA9E67E198749570050B0A4 /* Main_iPhone.storyboard */,
				4EA9E681198749570050B0A4 /* Main_iPad.storyboard */,
				090BBDA5199A1C5D00821E16 /* SignInStoryboard.storyboard */,
				4E4EB0B3199E548400B89760 /* RegisterToVoteStoryboard.storyboard */,
				4E410885199E6C0500AF084E /* RegisterAsCandidateStoryboard.storyboard */,
				4EA9E684198749570050B0A4 /* ENBaseViewController.h */,
				4EA9E685198749570050B0A4 /* ENBaseViewController.m */,
				4E1E0C5219895F1D00FBC299 /* UIViewController+RevealViewSetup.h */,
				4E1E0C5319895F1D00FBC299 /* UIViewController+RevealViewSetup.m */,
				4E1E0C591989699D00FBC299 /* ENPoliticalPartiesTableViewController.h */,
				4E1E0C5A1989699D00FBC299 /* ENPoliticalPartiesTableViewController.m */,
				4EA9E687198749570050B0A4 /* Images.xcassets */,
				4E1E0C5C19896C9B00FBC299 /* PartiesList.plist */,
				090BBDA2199A1C2800821E16 /* ENSignInViewController.h */,
				090BBDA3199A1C2800821E16 /* ENSignInViewController.m */,
				090BBDA7199A279700821E16 /* ENConstants.h */,
				090BBDA8199A279700821E16 /* ENConstants.m */,
				4E4EB0B1199E3FED00B89760 /* ENRegistrationViewController.h */,
				4E4EB0B0199E3FED00B89760 /* ENRegistrationViewController.m */,
				4E4EB0B5199E551300B89760 /* ENRegisterToVoteViewController.h */,
				4E4EB0B6199E551300B89760 /* ENRegisterToVoteViewController.m */,
				4E41088C199E7CFE00AF084E /* ENRegisterOnlineViewController.h */,
				4E41088D199E7CFE00AF084E /* ENRegisterOnlineViewController.m */,
				4E410887199E6C3900AF084E /* ENRegisterAsCandidateViewController.h */,
				4E410888199E6C3900AF084E /* ENRegisterAsCandidateViewController.m */,
				4EA9E673198749570050B0A4 /* Supporting Files */,
			);
			path = ElectionNigeria;
			sourceTree = "<group>";
		};
		4EA9E673198749570050B0A4 /* Supporting Files */ = {
			isa = PBXGroup;
			children = (
				4EA9E674198749570050B0A4 /* ElectionNigeria-Info.plist */,
				4EA9E675198749570050B0A4 /* InfoPlist.strings */,
				4EA9E678198749570050B0A4 /* main.m */,
				4EA9E67A198749570050B0A4 /* ElectionNigeria-Prefix.pch */,
				090BBDAE199A38D300821E16 /* Localizable.strings */,
			);
			name = "Supporting Files";
			sourceTree = "<group>";
		};
		4EA9E694198749570050B0A4 /* ElectionNigeriaTests */ = {
			isa = PBXGroup;
			children = (
				4EA9E69A198749570050B0A4 /* ElectionNigeriaTests.m */,
				4EA9E695198749570050B0A4 /* Supporting Files */,
			);
			path = ElectionNigeriaTests;
			sourceTree = "<group>";
		};
		4EA9E695198749570050B0A4 /* Supporting Files */ = {
			isa = PBXGroup;
			children = (
				4EA9E696198749570050B0A4 /* ElectionNigeriaTests-Info.plist */,
				4EA9E697198749570050B0A4 /* InfoPlist.strings */,
			);
			name = "Supporting Files";
			sourceTree = "<group>";
		};
/* End PBXGroup section */

/* Begin PBXNativeTarget section */
		4EA9E668198749570050B0A4 /* ElectionNigeria */ = {
			isa = PBXNativeTarget;
			buildConfigurationList = 4EA9E69E198749570050B0A4 /* Build configuration list for PBXNativeTarget "ElectionNigeria" */;
			buildPhases = (
				29659B3975FE4B09A86973A6 /* Check Pods Manifest.lock */,
				4EA9E665198749570050B0A4 /* Sources */,
				4EA9E666198749570050B0A4 /* Frameworks */,
				4EA9E667198749570050B0A4 /* Resources */,
				A76E930A96354FF6BCF1BE08 /* Copy Pods Resources */,
			);
			buildRules = (
			);
			dependencies = (
			);
			name = ElectionNigeria;
			productName = ElectionNigeria;
			productReference = 4EA9E669198749570050B0A4 /* ElectionNigeria.app */;
			productType = "com.apple.product-type.application";
		};
		4EA9E68C198749570050B0A4 /* ElectionNigeriaTests */ = {
			isa = PBXNativeTarget;
			buildConfigurationList = 4EA9E6A1198749570050B0A4 /* Build configuration list for PBXNativeTarget "ElectionNigeriaTests" */;
			buildPhases = (
				4EA9E689198749570050B0A4 /* Sources */,
				4EA9E68A198749570050B0A4 /* Frameworks */,
				4EA9E68B198749570050B0A4 /* Resources */,
			);
			buildRules = (
			);
			dependencies = (
				4EA9E693198749570050B0A4 /* PBXTargetDependency */,
			);
			name = ElectionNigeriaTests;
			productName = ElectionNigeriaTests;
			productReference = 4EA9E68D198749570050B0A4 /* ElectionNigeriaTests.xctest */;
			productType = "com.apple.product-type.bundle.unit-test";
		};
/* End PBXNativeTarget section */

/* Begin PBXProject section */
		4EA9E661198749570050B0A4 /* Project object */ = {
			isa = PBXProject;
			attributes = {
				CLASSPREFIX = EN;
				LastUpgradeCheck = 0510;
				ORGANIZATIONNAME = "Vikas Kumar";
				TargetAttributes = {
					4EA9E668198749570050B0A4 = {
						DevelopmentTeam = M2A56S3QP7;
					};
					4EA9E68C198749570050B0A4 = {
						TestTargetID = 4EA9E668198749570050B0A4;
					};
				};
			};
			buildConfigurationList = 4EA9E664198749570050B0A4 /* Build configuration list for PBXProject "ElectionNigeria" */;
			compatibilityVersion = "Xcode 3.2";
			developmentRegion = English;
			hasScannedForEncodings = 0;
			knownRegions = (
				en,
				Base,
			);
			mainGroup = 4EA9E660198749570050B0A4;
			productRefGroup = 4EA9E66A198749570050B0A4 /* Products */;
			projectDirPath = "";
			projectRoot = "";
			targets = (
				4EA9E668198749570050B0A4 /* ElectionNigeria */,
				4EA9E68C198749570050B0A4 /* ElectionNigeriaTests */,
			);
		};
/* End PBXProject section */

/* Begin PBXResourcesBuildPhase section */
		4EA9E667198749570050B0A4 /* Resources */ = {
			isa = PBXResourcesBuildPhase;
			buildActionMask = 2147483647;
			files = (
				4EA9E683198749570050B0A4 /* Main_iPad.storyboard in Resources */,
				4E4EB0B4199E548400B89760 /* RegisterToVoteStoryboard.storyboard in Resources */,
				4E410886199E6C0500AF084E /* RegisterAsCandidateStoryboard.storyboard in Resources */,
				4EA9E688198749570050B0A4 /* Images.xcassets in Resources */,
				4EA9E680198749570050B0A4 /* Main_iPhone.storyboard in Resources */,
				090BBDAF199A38D300821E16 /* Localizable.strings in Resources */,
				4EA9E677198749570050B0A4 /* InfoPlist.strings in Resources */,
				4E1E0C5D19896C9B00FBC299 /* PartiesList.plist in Resources */,
				090BBDA6199A1C5E00821E16 /* SignInStoryboard.storyboard in Resources */,
			);
			runOnlyForDeploymentPostprocessing = 0;
		};
		4EA9E68B198749570050B0A4 /* Resources */ = {
			isa = PBXResourcesBuildPhase;
			buildActionMask = 2147483647;
			files = (
				4EA9E699198749570050B0A4 /* InfoPlist.strings in Resources */,
			);
			runOnlyForDeploymentPostprocessing = 0;
		};
/* End PBXResourcesBuildPhase section */

/* Begin PBXShellScriptBuildPhase section */
		29659B3975FE4B09A86973A6 /* Check Pods Manifest.lock */ = {
			isa = PBXShellScriptBuildPhase;
			buildActionMask = 2147483647;
			files = (
			);
			inputPaths = (
			);
			name = "Check Pods Manifest.lock";
			outputPaths = (
			);
			runOnlyForDeploymentPostprocessing = 0;
			shellPath = /bin/sh;
			shellScript = "diff \"${PODS_ROOT}/../Podfile.lock\" \"${PODS_ROOT}/Manifest.lock\" > /dev/null\nif [[ $? != 0 ]] ; then\n    cat << EOM\nerror: The sandbox is not in sync with the Podfile.lock. Run 'pod install' or update your CocoaPods installation.\nEOM\n    exit 1\nfi\n";
			showEnvVarsInLog = 0;
		};
		A76E930A96354FF6BCF1BE08 /* Copy Pods Resources */ = {
			isa = PBXShellScriptBuildPhase;
			buildActionMask = 2147483647;
			files = (
			);
			inputPaths = (
			);
			name = "Copy Pods Resources";
			outputPaths = (
			);
			runOnlyForDeploymentPostprocessing = 0;
			shellPath = /bin/sh;
			shellScript = "\"${SRCROOT}/Pods/Pods-resources.sh\"\n";
			showEnvVarsInLog = 0;
		};
/* End PBXShellScriptBuildPhase section */

/* Begin PBXSourcesBuildPhase section */
		4EA9E665198749570050B0A4 /* Sources */ = {
			isa = PBXSourcesBuildPhase;
			buildActionMask = 2147483647;
			files = (
				4E410889199E6C3900AF084E /* ENRegisterAsCandidateViewController.m in Sources */,
				4E1E0C5419895F1D00FBC299 /* UIViewController+RevealViewSetup.m in Sources */,
				4E1E0C5B1989699D00FBC299 /* ENPoliticalPartiesTableViewController.m in Sources */,
				4E75A5371989528000FA964A /* ENRevealViewController.m in Sources */,
				4E4EB0B2199E3FED00B89760 /* ENRegistrationViewController.m in Sources */,
				4EA9E686198749570050B0A4 /* ENBaseViewController.m in Sources */,
				090BBDA9199A279700821E16 /* ENConstants.m in Sources */,
				4EA9E679198749570050B0A4 /* main.m in Sources */,
				090BBDAD199A2A5B00821E16 /* ENUnderlinedButton.m in Sources */,
				4E4EB0B7199E551300B89760 /* ENRegisterToVoteViewController.m in Sources */,
				090BBDA4199A1C2800821E16 /* ENSignInViewController.m in Sources */,
				4E4EB0AE199E351600B89760 /* ENFacebook.m in Sources */,
				4E4EB0AF199E351600B89760 /* ENGooglePlus.m in Sources */,
				4EA9E67D198749570050B0A4 /* ENAppDelegate.m in Sources */,
				4E41088E199E7CFE00AF084E /* ENRegisterOnlineViewController.m in Sources */,
				4E75A53A1989532B00FA964A /* ENSideBarViewController.m in Sources */,
			);
			runOnlyForDeploymentPostprocessing = 0;
		};
		4EA9E689198749570050B0A4 /* Sources */ = {
			isa = PBXSourcesBuildPhase;
			buildActionMask = 2147483647;
			files = (
				4EA9E69B198749570050B0A4 /* ElectionNigeriaTests.m in Sources */,
			);
			runOnlyForDeploymentPostprocessing = 0;
		};
/* End PBXSourcesBuildPhase section */

/* Begin PBXTargetDependency section */
		4EA9E693198749570050B0A4 /* PBXTargetDependency */ = {
			isa = PBXTargetDependency;
			target = 4EA9E668198749570050B0A4 /* ElectionNigeria */;
			targetProxy = 4EA9E692198749570050B0A4 /* PBXContainerItemProxy */;
		};
/* End PBXTargetDependency section */

/* Begin PBXVariantGroup section */
		4EA9E675198749570050B0A4 /* InfoPlist.strings */ = {
			isa = PBXVariantGroup;
			children = (
				4EA9E676198749570050B0A4 /* en */,
			);
			name = InfoPlist.strings;
			sourceTree = "<group>";
		};
		4EA9E67E198749570050B0A4 /* Main_iPhone.storyboard */ = {
			isa = PBXVariantGroup;
			children = (
				4EA9E67F198749570050B0A4 /* Base */,
			);
			name = Main_iPhone.storyboard;
			sourceTree = "<group>";
		};
		4EA9E681198749570050B0A4 /* Main_iPad.storyboard */ = {
			isa = PBXVariantGroup;
			children = (
				4EA9E682198749570050B0A4 /* Base */,
			);
			name = Main_iPad.storyboard;
			sourceTree = "<group>";
		};
		4EA9E697198749570050B0A4 /* InfoPlist.strings */ = {
			isa = PBXVariantGroup;
			children = (
				4EA9E698198749570050B0A4 /* en */,
			);
			name = InfoPlist.strings;
			sourceTree = "<group>";
		};
/* End PBXVariantGroup section */

/* Begin XCBuildConfiguration section */
		4EA9E69C198749570050B0A4 /* Debug */ = {
			isa = XCBuildConfiguration;
			buildSettings = {
				ALWAYS_SEARCH_USER_PATHS = NO;
				CLANG_CXX_LANGUAGE_STANDARD = "gnu++0x";
				CLANG_CXX_LIBRARY = "libc++";
				CLANG_ENABLE_MODULES = YES;
				CLANG_ENABLE_OBJC_ARC = YES;
				CLANG_WARN_BOOL_CONVERSION = YES;
				CLANG_WARN_CONSTANT_CONVERSION = YES;
				CLANG_WARN_DIRECT_OBJC_ISA_USAGE = YES_ERROR;
				CLANG_WARN_EMPTY_BODY = YES;
				CLANG_WARN_ENUM_CONVERSION = YES;
				CLANG_WARN_INT_CONVERSION = YES;
				CLANG_WARN_OBJC_ROOT_CLASS = YES_ERROR;
				CLANG_WARN__DUPLICATE_METHOD_MATCH = YES;
				"CODE_SIGN_IDENTITY[sdk=iphoneos*]" = "iPhone Developer";
				COPY_PHASE_STRIP = NO;
				GCC_C_LANGUAGE_STANDARD = gnu99;
				GCC_DYNAMIC_NO_PIC = NO;
				GCC_OPTIMIZATION_LEVEL = 0;
				GCC_PREPROCESSOR_DEFINITIONS = (
					"DEBUG=1",
					"$(inherited)",
				);
				GCC_SYMBOLS_PRIVATE_EXTERN = NO;
				GCC_WARN_64_TO_32_BIT_CONVERSION = YES;
				GCC_WARN_ABOUT_RETURN_TYPE = YES_ERROR;
				GCC_WARN_UNDECLARED_SELECTOR = YES;
				GCC_WARN_UNINITIALIZED_AUTOS = YES_AGGRESSIVE;
				GCC_WARN_UNUSED_FUNCTION = YES;
				GCC_WARN_UNUSED_VARIABLE = YES;
				IPHONEOS_DEPLOYMENT_TARGET = 7.1;
				ONLY_ACTIVE_ARCH = YES;
				SDKROOT = iphoneos;
				TARGETED_DEVICE_FAMILY = "1,2";
			};
			name = Debug;
		};
		4EA9E69D198749570050B0A4 /* Release */ = {
			isa = XCBuildConfiguration;
			buildSettings = {
				ALWAYS_SEARCH_USER_PATHS = NO;
				CLANG_CXX_LANGUAGE_STANDARD = "gnu++0x";
				CLANG_CXX_LIBRARY = "libc++";
				CLANG_ENABLE_MODULES = YES;
				CLANG_ENABLE_OBJC_ARC = YES;
				CLANG_WARN_BOOL_CONVERSION = YES;
				CLANG_WARN_CONSTANT_CONVERSION = YES;
				CLANG_WARN_DIRECT_OBJC_ISA_USAGE = YES_ERROR;
				CLANG_WARN_EMPTY_BODY = YES;
				CLANG_WARN_ENUM_CONVERSION = YES;
				CLANG_WARN_INT_CONVERSION = YES;
				CLANG_WARN_OBJC_ROOT_CLASS = YES_ERROR;
				CLANG_WARN__DUPLICATE_METHOD_MATCH = YES;
				"CODE_SIGN_IDENTITY[sdk=iphoneos*]" = "iPhone Developer";
				COPY_PHASE_STRIP = YES;
				ENABLE_NS_ASSERTIONS = NO;
				GCC_C_LANGUAGE_STANDARD = gnu99;
				GCC_WARN_64_TO_32_BIT_CONVERSION = YES;
				GCC_WARN_ABOUT_RETURN_TYPE = YES_ERROR;
				GCC_WARN_UNDECLARED_SELECTOR = YES;
				GCC_WARN_UNINITIALIZED_AUTOS = YES_AGGRESSIVE;
				GCC_WARN_UNUSED_FUNCTION = YES;
				GCC_WARN_UNUSED_VARIABLE = YES;
				IPHONEOS_DEPLOYMENT_TARGET = 7.1;
				SDKROOT = iphoneos;
				TARGETED_DEVICE_FAMILY = "1,2";
				VALIDATE_PRODUCT = YES;
			};
			name = Release;
		};
		4EA9E69F198749570050B0A4 /* Debug */ = {
			isa = XCBuildConfiguration;
			baseConfigurationReference = 57ACC09A62C345289E5118C7 /* Pods.xcconfig */;
			buildSettings = {
				ASSETCATALOG_COMPILER_APPICON_NAME = AppIcon;
				ASSETCATALOG_COMPILER_LAUNCHIMAGE_NAME = LaunchImage;
				CODE_SIGN_IDENTITY = "iPhone Distribution: Obinna Asiegbu (M2A56S3QP7)";
				"CODE_SIGN_IDENTITY[sdk=iphoneos*]" = "iPhone Distribution: Obinna Asiegbu (M2A56S3QP7)";
				GCC_PRECOMPILE_PREFIX_HEADER = YES;
				GCC_PREFIX_HEADER = "ElectionNigeria/ElectionNigeria-Prefix.pch";
				INFOPLIST_FILE = "ElectionNigeria/ElectionNigeria-Info.plist";
				IPHONEOS_DEPLOYMENT_TARGET = 7.0;
				PRODUCT_NAME = "$(TARGET_NAME)";
				PROVISIONING_PROFILE = "31fed34c-b8bd-4d08-a041-b3e489f2ee6a";
				WRAPPER_EXTENSION = app;
			};
			name = Debug;
		};
		4EA9E6A0198749570050B0A4 /* Release */ = {
			isa = XCBuildConfiguration;
			baseConfigurationReference = 57ACC09A62C345289E5118C7 /* Pods.xcconfig */;
			buildSettings = {
				ASSETCATALOG_COMPILER_APPICON_NAME = AppIcon;
				ASSETCATALOG_COMPILER_LAUNCHIMAGE_NAME = LaunchImage;
				CODE_SIGN_IDENTITY = "iPhone Distribution: Obinna Asiegbu (M2A56S3QP7)";
				"CODE_SIGN_IDENTITY[sdk=iphoneos*]" = "iPhone Distribution: Obinna Asiegbu (M2A56S3QP7)";
				GCC_PRECOMPILE_PREFIX_HEADER = YES;
				GCC_PREFIX_HEADER = "ElectionNigeria/ElectionNigeria-Prefix.pch";
				INFOPLIST_FILE = "ElectionNigeria/ElectionNigeria-Info.plist";
				IPHONEOS_DEPLOYMENT_TARGET = 7.0;
				PRODUCT_NAME = "$(TARGET_NAME)";
				PROVISIONING_PROFILE = "31fed34c-b8bd-4d08-a041-b3e489f2ee6a";
				WRAPPER_EXTENSION = app;
			};
			name = Release;
		};
		4EA9E6A2198749570050B0A4 /* Debug */ = {
			isa = XCBuildConfiguration;
			buildSettings = {
				BUNDLE_LOADER = "$(BUILT_PRODUCTS_DIR)/ElectionNigeria.app/ElectionNigeria";
				FRAMEWORK_SEARCH_PATHS = (
					"$(SDKROOT)/Developer/Library/Frameworks",
					"$(inherited)",
					"$(DEVELOPER_FRAMEWORKS_DIR)",
				);
				GCC_PRECOMPILE_PREFIX_HEADER = YES;
				GCC_PREFIX_HEADER = "ElectionNigeria/ElectionNigeria-Prefix.pch";
				GCC_PREPROCESSOR_DEFINITIONS = (
					"DEBUG=1",
					"$(inherited)",
				);
				INFOPLIST_FILE = "ElectionNigeriaTests/ElectionNigeriaTests-Info.plist";
				PRODUCT_NAME = "$(TARGET_NAME)";
				TEST_HOST = "$(BUNDLE_LOADER)";
				WRAPPER_EXTENSION = xctest;
			};
			name = Debug;
		};
		4EA9E6A3198749570050B0A4 /* Release */ = {
			isa = XCBuildConfiguration;
			buildSettings = {
				BUNDLE_LOADER = "$(BUILT_PRODUCTS_DIR)/ElectionNigeria.app/ElectionNigeria";
				FRAMEWORK_SEARCH_PATHS = (
					"$(SDKROOT)/Developer/Library/Frameworks",
					"$(inherited)",
					"$(DEVELOPER_FRAMEWORKS_DIR)",
				);
				GCC_PRECOMPILE_PREFIX_HEADER = YES;
				GCC_PREFIX_HEADER = "ElectionNigeria/ElectionNigeria-Prefix.pch";
				INFOPLIST_FILE = "ElectionNigeriaTests/ElectionNigeriaTests-Info.plist";
				PRODUCT_NAME = "$(TARGET_NAME)";
				TEST_HOST = "$(BUNDLE_LOADER)";
				WRAPPER_EXTENSION = xctest;
			};
			name = Release;
		};
/* End XCBuildConfiguration section */

/* Begin XCConfigurationList section */
		4EA9E664198749570050B0A4 /* Build configuration list for PBXProject "ElectionNigeria" */ = {
			isa = XCConfigurationList;
			buildConfigurations = (
				4EA9E69C198749570050B0A4 /* Debug */,
				4EA9E69D198749570050B0A4 /* Release */,
			);
			defaultConfigurationIsVisible = 0;
			defaultConfigurationName = Release;
		};
		4EA9E69E198749570050B0A4 /* Build configuration list for PBXNativeTarget "ElectionNigeria" */ = {
			isa = XCConfigurationList;
			buildConfigurations = (
				4EA9E69F198749570050B0A4 /* Debug */,
				4EA9E6A0198749570050B0A4 /* Release */,
			);
			defaultConfigurationIsVisible = 0;
			defaultConfigurationName = Release;
		};
		4EA9E6A1198749570050B0A4 /* Build configuration list for PBXNativeTarget "ElectionNigeriaTests" */ = {
			isa = XCConfigurationList;
			buildConfigurations = (
				4EA9E6A2198749570050B0A4 /* Debug */,
				4EA9E6A3198749570050B0A4 /* Release */,
			);
			defaultConfigurationIsVisible = 0;
			defaultConfigurationName = Release;
		};
/* End XCConfigurationList section */
	};
	rootObject = 4EA9E661198749570050B0A4 /* Project object */;
}
